
Microsoft Visual Studio Solution File, Format Version 12.00
# Visual Studio Version 17
VisualStudioVersion = 17.6.33723.286
MinimumVisualStudioVersion = 10.0.40219.1
Project("{F184B08F-C81C-45F6-A57F-5ABD9991F28F}") = "IISLogFileViewer", "IISLogFileViewer\IISLogFileViewer.vbproj", "{4CE9279A-42EA-445F-97A3-8B4B9D0E5FAF}"
EndProject
Global
	GlobalSection(SolutionConfigurationPlatforms) = preSolution
		Debug|Any CPU = Debug|Any CPU
		Release|Any CPU = Release|Any CPU
	EndGlobalSection
	GlobalSection(ProjectConfigurationPlatforms) = postSolution
		{4CE9279A-42EA-445F-97A3-8B4B9D0E5FAF}.Debug|Any CPU.ActiveCfg = Debug|Any CPU
		{4CE9279A-42EA-445F-97A3-8B4B9D0E5FAF}.Debug|Any CPU.Build.0 = Debug|Any CPU
		{4CE9279A-42EA-445F-97A3-8B4B9D0E5FAF}.Release|Any CPU.ActiveCfg = Release|Any CPU
		{4CE9279A-42EA-445F-97A3-8B4B9D0E5FAF}.Release|Any CPU.Build.0 = Release|Any CPU
	EndGlobalSection
	GlobalSection(SolutionProperties) = preSolution
		HideSolutionNode = FALSE
	EndGlobalSection
	GlobalSection(ExtensibilityGlobals) = postSolution
		SolutionGuid = {E83775B2-44C0-40E5-BFFA-E2DB85072024}
	EndGlobalSection
EndGlobal
